
Microsoft Visual Studio Solution File, Format Version 12.00
# Visual Studio Version 16
VisualStudioVersion = 16.0.30114.105
MinimumVisualStudioVersion = 10.0.40219.1
Project("{FAE04EC0-301F-11D3-BF4B-00C04F79EFBC}") = "FileGeneratorTool", "..\FileGeneratorTool\FileGeneratorTool.csproj", "{6818A13C-C5ED-4926-AAFA-E1CF5724F57B}"
EndProject
Project("{FAE04EC0-301F-11D3-BF4B-00C04F79EFBC}") = "SharpEncrypt", "SharpEncrypt\SharpEncrypt.csproj", "{1E3F0B74-14DE-4FC7-B605-6C658BE334B1}"
EndProject
Project("{FAE04EC0-301F-11D3-BF4B-00C04F79EFBC}") = "SecureEraseTool", "..\SecureEraseTool\SecureEraseTool.csproj", "{809C3F83-3F6C-4D0F-8EAD-1C5D98C7DB1D}"
EndProject
Project("{FAE04EC0-301F-11D3-BF4B-00C04F79EFBC}") = "AESTool", "..\AESTool\AESTool.csproj", "{1516C701-5FF7-4377-8148-4778F268BC37}"
EndProject
Project("{FAE04EC0-301F-11D3-BF4B-00C04F79EFBC}") = "OTPTool", "..\OTPTool\OTPTool.csproj", "{8B348D70-CBD7-4F1D-BFC6-189733CE7B50}"
EndProject
Project("{9A19103F-16F7-4668-BE54-9A1E7A4F7556}") = "AESLibrary", "..\AESLibrary\AESLibrary.csproj", "{5066CDEC-5BF2-459A-984D-0A2950AB10B3}"
EndProject
Project("{9A19103F-16F7-4668-BE54-9A1E7A4F7556}") = "SecureEraseLibrary", "..\SecureEraseLibrary\SecureEraseLibrary.csproj", "{2BEA89AC-AD4F-479A-8E97-6E93E7A3A2FD}"
EndProject
Project("{9A19103F-16F7-4668-BE54-9A1E7A4F7556}") = "FileGeneratorLibrary", "..\FileGeneratorLibrary\FileGeneratorLibrary.csproj", "{A6DFAE55-3665-46DE-BE7B-179C6F79CADF}"
EndProject
Project("{9A19103F-16F7-4668-BE54-9A1E7A4F7556}") = "OTPLibrary", "..\OTPLibrary\OTPLibrary.csproj", "{4AAA7701-6F5E-4E60-9891-3386AC511F9B}"
EndProject
Project("{9A19103F-16F7-4668-BE54-9A1E7A4F7556}") = "FileIOLibrary", "..\FileIOLibrary\FileIOLibrary.csproj", "{8FC7581F-9F55-4C08-AF2A-BF0C8215B57E}"
EndProject
Project("{FAE04EC0-301F-11D3-BF4B-00C04F79EFBC}") = "GutmannLibrary", "..\GutmannLibrary\GutmannLibrary.csproj", "{3D7A9449-50C5-403A-915A-1C95D9D38F91}"
EndProject
Global
	GlobalSection(SolutionConfigurationPlatforms) = preSolution
		Debug|Any CPU = Debug|Any CPU
		Release|Any CPU = Release|Any CPU
	EndGlobalSection
	GlobalSection(ProjectConfigurationPlatforms) = postSolution
		{6818A13C-C5ED-4926-AAFA-E1CF5724F57B}.Debug|Any CPU.ActiveCfg = Debug|Any CPU
		{6818A13C-C5ED-4926-AAFA-E1CF5724F57B}.Debug|Any CPU.Build.0 = Debug|Any CPU
		{6818A13C-C5ED-4926-AAFA-E1CF5724F57B}.Release|Any CPU.ActiveCfg = Release|Any CPU
		{6818A13C-C5ED-4926-AAFA-E1CF5724F57B}.Release|Any CPU.Build.0 = Release|Any CPU
		{1E3F0B74-14DE-4FC7-B605-6C658BE334B1}.Debug|Any CPU.ActiveCfg = Debug|Any CPU
		{1E3F0B74-14DE-4FC7-B605-6C658BE334B1}.Debug|Any CPU.Build.0 = Debug|Any CPU
		{1E3F0B74-14DE-4FC7-B605-6C658BE334B1}.Release|Any CPU.ActiveCfg = Release|Any CPU
		{1E3F0B74-14DE-4FC7-B605-6C658BE334B1}.Release|Any CPU.Build.0 = Release|Any CPU
		{809C3F83-3F6C-4D0F-8EAD-1C5D98C7DB1D}.Debug|Any CPU.ActiveCfg = Debug|Any CPU
		{809C3F83-3F6C-4D0F-8EAD-1C5D98C7DB1D}.Debug|Any CPU.Build.0 = Debug|Any CPU
		{809C3F83-3F6C-4D0F-8EAD-1C5D98C7DB1D}.Release|Any CPU.ActiveCfg = Release|Any CPU
		{809C3F83-3F6C-4D0F-8EAD-1C5D98C7DB1D}.Release|Any CPU.Build.0 = Release|Any CPU
		{1516C701-5FF7-4377-8148-4778F268BC37}.Debug|Any CPU.ActiveCfg = Debug|Any CPU
		{1516C701-5FF7-4377-8148-4778F268BC37}.Debug|Any CPU.Build.0 = Debug|Any CPU
		{1516C701-5FF7-4377-8148-4778F268BC37}.Release|Any CPU.ActiveCfg = Release|Any CPU
		{1516C701-5FF7-4377-8148-4778F268BC37}.Release|Any CPU.Build.0 = Release|Any CPU
		{8B348D70-CBD7-4F1D-BFC6-189733CE7B50}.Debug|Any CPU.ActiveCfg = Debug|Any CPU
		{8B348D70-CBD7-4F1D-BFC6-189733CE7B50}.Debug|Any CPU.Build.0 = Debug|Any CPU
		{8B348D70-CBD7-4F1D-BFC6-189733CE7B50}.Release|Any CPU.ActiveCfg = Release|Any CPU
		{8B348D70-CBD7-4F1D-BFC6-189733CE7B50}.Release|Any CPU.Build.0 = Release|Any CPU
		{5066CDEC-5BF2-459A-984D-0A2950AB10B3}.Debug|Any CPU.ActiveCfg = Debug|Any CPU
		{5066CDEC-5BF2-459A-984D-0A2950AB10B3}.Debug|Any CPU.Build.0 = Debug|Any CPU
		{5066CDEC-5BF2-459A-984D-0A2950AB10B3}.Release|Any CPU.ActiveCfg = Release|Any CPU
		{5066CDEC-5BF2-459A-984D-0A2950AB10B3}.Release|Any CPU.Build.0 = Release|Any CPU
		{2BEA89AC-AD4F-479A-8E97-6E93E7A3A2FD}.Debug|Any CPU.ActiveCfg = Debug|Any CPU
		{2BEA89AC-AD4F-479A-8E97-6E93E7A3A2FD}.Debug|Any CPU.Build.0 = Debug|Any CPU
		{2BEA89AC-AD4F-479A-8E97-6E93E7A3A2FD}.Release|Any CPU.ActiveCfg = Release|Any CPU
		{2BEA89AC-AD4F-479A-8E97-6E93E7A3A2FD}.Release|Any CPU.Build.0 = Release|Any CPU
		{A6DFAE55-3665-46DE-BE7B-179C6F79CADF}.Debug|Any CPU.ActiveCfg = Debug|Any CPU
		{A6DFAE55-3665-46DE-BE7B-179C6F79CADF}.Debug|Any CPU.Build.0 = Debug|Any CPU
		{A6DFAE55-3665-46DE-BE7B-179C6F79CADF}.Release|Any CPU.ActiveCfg = Release|Any CPU
		{A6DFAE55-3665-46DE-BE7B-179C6F79CADF}.Release|Any CPU.Build.0 = Release|Any CPU
		{4AAA7701-6F5E-4E60-9891-3386AC511F9B}.Debug|Any CPU.ActiveCfg = Debug|Any CPU
		{4AAA7701-6F5E-4E60-9891-3386AC511F9B}.Debug|Any CPU.Build.0 = Debug|Any CPU
		{4AAA7701-6F5E-4E60-9891-3386AC511F9B}.Release|Any CPU.ActiveCfg = Release|Any CPU
		{4AAA7701-6F5E-4E60-9891-3386AC511F9B}.Release|Any CPU.Build.0 = Release|Any CPU
		{8FC7581F-9F55-4C08-AF2A-BF0C8215B57E}.Debug|Any CPU.ActiveCfg = Debug|Any CPU
		{8FC7581F-9F55-4C08-AF2A-BF0C8215B57E}.Debug|Any CPU.Build.0 = Debug|Any CPU
		{8FC7581F-9F55-4C08-AF2A-BF0C8215B57E}.Release|Any CPU.ActiveCfg = Release|Any CPU
		{8FC7581F-9F55-4C08-AF2A-BF0C8215B57E}.Release|Any CPU.Build.0 = Release|Any CPU
		{3D7A9449-50C5-403A-915A-1C95D9D38F91}.Debug|Any CPU.ActiveCfg = Debug|Any CPU
		{3D7A9449-50C5-403A-915A-1C95D9D38F91}.Debug|Any CPU.Build.0 = Debug|Any CPU
		{3D7A9449-50C5-403A-915A-1C95D9D38F91}.Release|Any CPU.ActiveCfg = Release|Any CPU
		{3D7A9449-50C5-403A-915A-1C95D9D38F91}.Release|Any CPU.Build.0 = Release|Any CPU
	EndGlobalSection
	GlobalSection(SolutionProperties) = preSolution
		HideSolutionNode = FALSE
	EndGlobalSection
	GlobalSection(ExtensibilityGlobals) = postSolution
		SolutionGuid = {4AA8522F-C484-4235-AF55-93BBDEDB06AA}
	EndGlobalSection
EndGlobal
